
Microsoft Visual Studio Solution File, Format Version 12.00
# Visual Studio Version 17
VisualStudioVersion = 17.4.33110.190
MinimumVisualStudioVersion = 10.0.40219.1
Project("{9A19103F-16F7-4668-BE54-9A1E7A4F7556}") = "AdventOfCode", "AdventOfCode\AdventOfCode.csproj", "{2E8E10F2-8D5B-4FD1-A6E9-AA89DFF8C847}"
EndProject
Project("{9A19103F-16F7-4668-BE54-9A1E7A4F7556}") = "Tests", "Tests\Tests.csproj", "{2419ED48-8CC5-4B3D-8964-BB4AD6A21E65}"
EndProject
Project("{FAE04EC0-301F-11D3-BF4B-00C04F79EFBC}") = "Runner", "Runner\Runner.csproj", "{39DC4F7D-B83D-4724-ADC2-68299DF847B6}"
EndProject
Global
	GlobalSection(SolutionConfigurationPlatforms) = preSolution
		Debug|Any CPU = Debug|Any CPU
		Release|Any CPU = Release|Any CPU
	EndGlobalSection
	GlobalSection(ProjectConfigurationPlatforms) = postSolution
		{2E8E10F2-8D5B-4FD1-A6E9-AA89DFF8C847}.Debug|Any CPU.ActiveCfg = Debug|Any CPU
		{2E8E10F2-8D5B-4FD1-A6E9-AA89DFF8C847}.Debug|Any CPU.Build.0 = Debug|Any CPU
		{2E8E10F2-8D5B-4FD1-A6E9-AA89DFF8C847}.Release|Any CPU.ActiveCfg = Release|Any CPU
		{2E8E10F2-8D5B-4FD1-A6E9-AA89DFF8C847}.Release|Any CPU.Build.0 = Release|Any CPU
		{2419ED48-8CC5-4B3D-8964-BB4AD6A21E65}.Debug|Any CPU.ActiveCfg = Debug|Any CPU
		{2419ED48-8CC5-4B3D-8964-BB4AD6A21E65}.Debug|Any CPU.Build.0 = Debug|Any CPU
		{2419ED48-8CC5-4B3D-8964-BB4AD6A21E65}.Release|Any CPU.ActiveCfg = Release|Any CPU
		{2419ED48-8CC5-4B3D-8964-BB4AD6A21E65}.Release|Any CPU.Build.0 = Release|Any CPU
		{39DC4F7D-B83D-4724-ADC2-68299DF847B6}.Debug|Any CPU.ActiveCfg = Debug|Any CPU
		{39DC4F7D-B83D-4724-ADC2-68299DF847B6}.Debug|Any CPU.Build.0 = Debug|Any CPU
		{39DC4F7D-B83D-4724-ADC2-68299DF847B6}.Release|Any CPU.ActiveCfg = Release|Any CPU
		{39DC4F7D-B83D-4724-ADC2-68299DF847B6}.Release|Any CPU.Build.0 = Release|Any CPU
	EndGlobalSection
	GlobalSection(SolutionProperties) = preSolution
		HideSolutionNode = FALSE
	EndGlobalSection
	GlobalSection(ExtensibilityGlobals) = postSolution
		SolutionGuid = {619F0BAC-4AFB-4984-9548-89630D4E9BEE}
	EndGlobalSection
EndGlobal
